
Microsoft Visual Studio Solution File, Format Version 12.00
# Visual Studio 2013
VisualStudioVersion = 12.0.31101.0
MinimumVisualStudioVersion = 10.0.40219.1
Project("{FAE04EC0-301F-11D3-BF4B-00C04F79EFBC}") = "Joomiz.Blog.Domain", "Joomiz.Blog.Domain\Joomiz.Blog.Domain.csproj", "{5F9A83FB-EFFA-40C9-9C0D-C05BA8403D69}"
EndProject
Project("{FAE04EC0-301F-11D3-BF4B-00C04F79EFBC}") = "Joomiz.Blog.Application", "Joomiz.Blog.Application\Joomiz.Blog.Application.csproj", "{E102FBBE-DC67-4D9F-B065-2CAA14787052}"
EndProject
Project("{FAE04EC0-301F-11D3-BF4B-00C04F79EFBC}") = "Joomiz.Blog.Infrastructure.Repository", "Joomiz.Blog.Infrastructure.Repository\Joomiz.Blog.Infrastructure.Repository.csproj", "{AD41C757-9649-42B5-B43E-B7E6F4FC79C3}"
EndProject
Project("{00D1A9C2-B5F0-4AF3-8072-F6C62B433612}") = "Joomiz.Blog.Infrastructure.Repository.SqlServer", "Joomiz.Blog.Infrastructure.Repository.SqlServer\Joomiz.Blog.Infrastructure.Repository.SqlServer.sqlproj", "{9FC85D3E-D99A-49FC-83F8-AE1B0191B310}"
EndProject
Project("{FAE04EC0-301F-11D3-BF4B-00C04F79EFBC}") = "Joomiz.Blog.WebApplication", "Joomiz.Blog.WebApplication\Joomiz.Blog.WebApplication.csproj", "{83D7193C-21F9-4692-BA83-4477420F1F9A}"
EndProject
Project("{FAE04EC0-301F-11D3-BF4B-00C04F79EFBC}") = "Joomiz.Blog.Application.Tests", "Joomiz.Blog.Application.Tests\Joomiz.Blog.Application.Tests.csproj", "{05DAF678-60AE-4470-A4FC-5F2578BCC427}"
EndProject
Global
	GlobalSection(SolutionConfigurationPlatforms) = preSolution
		Debug|Any CPU = Debug|Any CPU
		Release|Any CPU = Release|Any CPU
	EndGlobalSection
	GlobalSection(ProjectConfigurationPlatforms) = postSolution
		{5F9A83FB-EFFA-40C9-9C0D-C05BA8403D69}.Debug|Any CPU.ActiveCfg = Debug|Any CPU
		{5F9A83FB-EFFA-40C9-9C0D-C05BA8403D69}.Debug|Any CPU.Build.0 = Debug|Any CPU
		{5F9A83FB-EFFA-40C9-9C0D-C05BA8403D69}.Release|Any CPU.ActiveCfg = Release|Any CPU
		{5F9A83FB-EFFA-40C9-9C0D-C05BA8403D69}.Release|Any CPU.Build.0 = Release|Any CPU
		{E102FBBE-DC67-4D9F-B065-2CAA14787052}.Debug|Any CPU.ActiveCfg = Debug|Any CPU
		{E102FBBE-DC67-4D9F-B065-2CAA14787052}.Debug|Any CPU.Build.0 = Debug|Any CPU
		{E102FBBE-DC67-4D9F-B065-2CAA14787052}.Release|Any CPU.ActiveCfg = Release|Any CPU
		{E102FBBE-DC67-4D9F-B065-2CAA14787052}.Release|Any CPU.Build.0 = Release|Any CPU
		{AD41C757-9649-42B5-B43E-B7E6F4FC79C3}.Debug|Any CPU.ActiveCfg = Debug|Any CPU
		{AD41C757-9649-42B5-B43E-B7E6F4FC79C3}.Debug|Any CPU.Build.0 = Debug|Any CPU
		{AD41C757-9649-42B5-B43E-B7E6F4FC79C3}.Release|Any CPU.ActiveCfg = Release|Any CPU
		{AD41C757-9649-42B5-B43E-B7E6F4FC79C3}.Release|Any CPU.Build.0 = Release|Any CPU
		{9FC85D3E-D99A-49FC-83F8-AE1B0191B310}.Debug|Any CPU.ActiveCfg = Debug|Any CPU
		{9FC85D3E-D99A-49FC-83F8-AE1B0191B310}.Debug|Any CPU.Build.0 = Debug|Any CPU
		{9FC85D3E-D99A-49FC-83F8-AE1B0191B310}.Debug|Any CPU.Deploy.0 = Debug|Any CPU
		{9FC85D3E-D99A-49FC-83F8-AE1B0191B310}.Release|Any CPU.ActiveCfg = Release|Any CPU
		{9FC85D3E-D99A-49FC-83F8-AE1B0191B310}.Release|Any CPU.Build.0 = Release|Any CPU
		{9FC85D3E-D99A-49FC-83F8-AE1B0191B310}.Release|Any CPU.Deploy.0 = Release|Any CPU
		{83D7193C-21F9-4692-BA83-4477420F1F9A}.Debug|Any CPU.ActiveCfg = Debug|Any CPU
		{83D7193C-21F9-4692-BA83-4477420F1F9A}.Debug|Any CPU.Build.0 = Debug|Any CPU
		{83D7193C-21F9-4692-BA83-4477420F1F9A}.Release|Any CPU.ActiveCfg = Release|Any CPU
		{83D7193C-21F9-4692-BA83-4477420F1F9A}.Release|Any CPU.Build.0 = Release|Any CPU
		{05DAF678-60AE-4470-A4FC-5F2578BCC427}.Debug|Any CPU.ActiveCfg = Debug|Any CPU
		{05DAF678-60AE-4470-A4FC-5F2578BCC427}.Debug|Any CPU.Build.0 = Debug|Any CPU
		{05DAF678-60AE-4470-A4FC-5F2578BCC427}.Release|Any CPU.ActiveCfg = Release|Any CPU
		{05DAF678-60AE-4470-A4FC-5F2578BCC427}.Release|Any CPU.Build.0 = Release|Any CPU
	EndGlobalSection
	GlobalSection(SolutionProperties) = preSolution
		HideSolutionNode = FALSE
	EndGlobalSection
EndGlobal
